
Microsoft Visual Studio Solution File, Format Version 12.00
# Visual Studio Version 16
VisualStudioVersion = 16.0.32106.194
MinimumVisualStudioVersion = 10.0.40219.1
Project("{FAE04EC0-301F-11D3-BF4B-00C04F79EFBC}") = "WebApplication1", "WebApplication1\WebApplication1.csproj", "{78844A56-FD5F-4FA1-A6D6-F0D774384F8D}"
EndProject
Global
	GlobalSection(SolutionConfigurationPlatforms) = preSolution
		Debug|Any CPU = Debug|Any CPU
		Release|Any CPU = Release|Any CPU
	EndGlobalSection
	GlobalSection(ProjectConfigurationPlatforms) = postSolution
		{78844A56-FD5F-4FA1-A6D6-F0D774384F8D}.Debug|Any CPU.ActiveCfg = Debug|Any CPU
		{78844A56-FD5F-4FA1-A6D6-F0D774384F8D}.Debug|Any CPU.Build.0 = Debug|Any CPU
		{78844A56-FD5F-4FA1-A6D6-F0D774384F8D}.Release|Any CPU.ActiveCfg = Release|Any CPU
		{78844A56-FD5F-4FA1-A6D6-F0D774384F8D}.Release|Any CPU.Build.0 = Release|Any CPU
	EndGlobalSection
	GlobalSection(SolutionProperties) = preSolution
		HideSolutionNode = FALSE
	EndGlobalSection
	GlobalSection(ExtensibilityGlobals) = postSolution
		SolutionGuid = {639B3FDE-3604-4BB1-8DA2-44B4CDB83795}
	EndGlobalSection
EndGlobal
